<?xml version="1.0" encoding="UTF-8" standalone="yes" ?>
<CodeBlocks_project_file>
	<FileVersion major="1" minor="6" />
	<Project>
		<Option title="planningprocessor" />
		<Option pch_mode="2" />
		<Option compiler="gcc" />
		<Build>
			<Target title="Debug">
				<Option output="bin/Debug/planningprocessor" prefix_auto="1" extension_auto="1" />
				<Option object_output="obj/Debug/" />
				<Option type="1" />
				<Option compiler="gcc" />
				<Compiler>
					<Add option="-g" />
					<Add directory="src" />
				</Compiler>
			</Target>
			<Target title="Release">
				<Option output="bin/Release/planningprocessor" prefix_auto="1" extension_auto="1" />
				<Option object_output="obj/Release/" />
				<Option type="1" />
				<Option compiler="gcc" />
				<Compiler>
					<Add option="-O2" />
					<Add directory="class" />
				</Compiler>
				<Linker>
					<Add option="-s" />
				</Linker>
			</Target>
		</Build>
		<Compiler>
			<Add option="-Wall" />
			<Add option="-fexceptions" />
		</Compiler>
		<Unit filename="Makefile" />
		<Unit filename="input/inputExample.txt" />
		<Unit filename="src/eda/Event.cpp" />
		<Unit filename="src/eda/Event.h" />
		<Unit filename="src/eda/Process.cpp" />
		<Unit filename="src/eda/Process.h" />
		<Unit filename="src/eda/StatisticsIn.cpp" />
		<Unit filename="src/eda/StatisticsIn.h" />
		<Unit filename="src/eda/StatisticsOut.cpp" />
		<Unit filename="src/eda/StatisticsOut.h" />
		<Unit filename="src/filereading/File.cpp" />
		<Unit filename="src/filereading/File.h" />
		<Unit filename="src/main.cpp" />
		<Unit filename="src/processing/Processing.cpp" />
		<Unit filename="src/processing/Processing.h" />
		<Unit filename="src/random/Distribution.cpp" />
		<Unit filename="src/random/Distribution.h" />
		<Unit filename="src/random/Random.cpp" />
		<Unit filename="src/random/Random.h" />
		<Unit filename="src/vector/VectorEvent.cpp" />
		<Unit filename="src/vector/VectorEvent.h" />
		<Unit filename="src/vector/VectorProcess.cpp" />
		<Unit filename="src/vector/VectorProcess.h" />
		<Extensions>
			<code_completion />
			<envvars />
			<debugger />
			<lib_finder disable_auto="1" />
		</Extensions>
	</Project>
</CodeBlocks_project_file>
